
Microsoft Visual Studio Solution File, Format Version 12.00
Project("{FAE04EC0-301F-11D3-BF4B-00C04F79EFBC}") = "LD54", "LD54\LD54.csproj", "{20A47AA4-8F37-4C10-B86B-90AFE617075C}"
EndProject
Global
	GlobalSection(SolutionConfigurationPlatforms) = preSolution
		Debug|Any CPU = Debug|Any CPU
		Release|Any CPU = Release|Any CPU
	EndGlobalSection
	GlobalSection(ProjectConfigurationPlatforms) = postSolution
		{20A47AA4-8F37-4C10-B86B-90AFE617075C}.Debug|Any CPU.ActiveCfg = Debug|Any CPU
		{20A47AA4-8F37-4C10-B86B-90AFE617075C}.Debug|Any CPU.Build.0 = Debug|Any CPU
		{20A47AA4-8F37-4C10-B86B-90AFE617075C}.Release|Any CPU.ActiveCfg = Release|Any CPU
		{20A47AA4-8F37-4C10-B86B-90AFE617075C}.Release|Any CPU.Build.0 = Release|Any CPU
	EndGlobalSection
EndGlobal
